
Microsoft Visual Studio Solution File, Format Version 12.00
# Visual Studio 15
VisualStudioVersion = 15.0.28010.2046
MinimumVisualStudioVersion = 10.0.40219.1
Project("{9A19103F-16F7-4668-BE54-9A1E7A4F7556}") = "AsyncObservable", "AsyncObservable\AsyncObservable.csproj", "{3D6C09D6-ED8A-46B1-AB0C-9370292E5FB9}"
EndProject
Project("{9A19103F-16F7-4668-BE54-9A1E7A4F7556}") = "AsyncObservable.Tests", "AsyncObservable.Tests\AsyncObservable.Tests.csproj", "{434A525B-1147-467D-A989-405F5128B69D}"
EndProject
Global
	GlobalSection(SolutionConfigurationPlatforms) = preSolution
		Debug|Any CPU = Debug|Any CPU
		Release|Any CPU = Release|Any CPU
	EndGlobalSection
	GlobalSection(ProjectConfigurationPlatforms) = postSolution
		{3D6C09D6-ED8A-46B1-AB0C-9370292E5FB9}.Debug|Any CPU.ActiveCfg = Debug|Any CPU
		{3D6C09D6-ED8A-46B1-AB0C-9370292E5FB9}.Debug|Any CPU.Build.0 = Debug|Any CPU
		{3D6C09D6-ED8A-46B1-AB0C-9370292E5FB9}.Release|Any CPU.ActiveCfg = Release|Any CPU
		{3D6C09D6-ED8A-46B1-AB0C-9370292E5FB9}.Release|Any CPU.Build.0 = Release|Any CPU
		{434A525B-1147-467D-A989-405F5128B69D}.Debug|Any CPU.ActiveCfg = Debug|Any CPU
		{434A525B-1147-467D-A989-405F5128B69D}.Debug|Any CPU.Build.0 = Debug|Any CPU
		{434A525B-1147-467D-A989-405F5128B69D}.Release|Any CPU.ActiveCfg = Release|Any CPU
		{434A525B-1147-467D-A989-405F5128B69D}.Release|Any CPU.Build.0 = Release|Any CPU
	EndGlobalSection
	GlobalSection(SolutionProperties) = preSolution
		HideSolutionNode = FALSE
	EndGlobalSection
	GlobalSection(ExtensibilityGlobals) = postSolution
		SolutionGuid = {58BF494A-F0FA-45D3-AC31-97153CB569E3}
	EndGlobalSection
EndGlobal
